
Microsoft Visual Studio Solution File, Format Version 12.00
# Visual Studio Version 17
VisualStudioVersion = 17.10.34916.146
MinimumVisualStudioVersion = 10.0.40219.1
Project("{FAE04EC0-301F-11D3-BF4B-00C04F79EFBC}") = "PR-6", "PR-6.csproj", "{99B77826-A695-4B6C-B746-60786F942C66}"
EndProject
Global
	GlobalSection(SolutionConfigurationPlatforms) = preSolution
		Debug|Any CPU = Debug|Any CPU
		Release|Any CPU = Release|Any CPU
	EndGlobalSection
	GlobalSection(ProjectConfigurationPlatforms) = postSolution
		{99B77826-A695-4B6C-B746-60786F942C66}.Debug|Any CPU.ActiveCfg = Debug|Any CPU
		{99B77826-A695-4B6C-B746-60786F942C66}.Debug|Any CPU.Build.0 = Debug|Any CPU
		{99B77826-A695-4B6C-B746-60786F942C66}.Release|Any CPU.ActiveCfg = Release|Any CPU
		{99B77826-A695-4B6C-B746-60786F942C66}.Release|Any CPU.Build.0 = Release|Any CPU
	EndGlobalSection
	GlobalSection(SolutionProperties) = preSolution
		HideSolutionNode = FALSE
	EndGlobalSection
	GlobalSection(ExtensibilityGlobals) = postSolution
		SolutionGuid = {59837E09-86FE-41C8-BF33-8A671628FCE3}
	EndGlobalSection
EndGlobal
